# This file was autogenerated by Stack.
# You should not edit this file by hand.
# For more information, please see the documentation at:
#   https://docs.haskellstack.org/en/stable/topics/lock_files

packages: []
snapshots:
- completed:
    sha256: e905f9a45f20c8f77a11b83469f438f18c3e3afb14f1e2bb0ee59f050655aee7
    size: 696610
    url: https://raw.githubusercontent.com/commercialhaskell/stackage-snapshots/master/nightly/2025/9/29.yaml
  original: nightly-2025-09-29
